// !$*UTF8*$!
{
	archiveVersion = 1;
	classes = {
	};
	objectVersion = 46;
	objects = {

/* Begin PBXBuildFile section */
		9816A3D11FCB41E200219BBA /* PromptTableCell.swift in Sources */ = {isa = PBXBuildFile; fileRef = 9816A3D01FCB41E200219BBA /* PromptTableCell.swift */; };
		9816A3D41FCB42EC00219BBA /* PromptView.swift in Sources */ = {isa = PBXBuildFile; fileRef = 9816A3D31FCB42EC00219BBA /* PromptView.swift */; };
		9816A3D71FCB85B000219BBA /* Webservice.swift in Sources */ = {isa = PBXBuildFile; fileRef = 9816A3D61FCB85B000219BBA /* Webservice.swift */; };
		9816A3D91FCB861800219BBA /* Resource.swift in Sources */ = {isa = PBXBuildFile; fileRef = 9816A3D81FCB861800219BBA /* Resource.swift */; };
		9816A3DB1FCB867C00219BBA /* GifAPI.swift in Sources */ = {isa = PBXBuildFile; fileRef = 9816A3DA1FCB867C00219BBA /* GifAPI.swift */; };
		9816A3DD1FCB887600219BBA /* GIF.swift in Sources */ = {isa = PBXBuildFile; fileRef = 9816A3DC1FCB887600219BBA /* GIF.swift */; };
		9816A3E61FCB9E0B00219BBA /* GIFSearchEngine.swift in Sources */ = {isa = PBXBuildFile; fileRef = 9816A3E11FCB9E0B00219BBA /* GIFSearchEngine.swift */; };
		9816A3E81FCB9E0B00219BBA /* GIFSearchPresenter.swift in Sources */ = {isa = PBXBuildFile; fileRef = 9816A3E31FCB9E0B00219BBA /* GIFSearchPresenter.swift */; };
		9816A3E91FCB9E0B00219BBA /* GIFSearchViewController.swift in Sources */ = {isa = PBXBuildFile; fileRef = 9816A3E41FCB9E0B00219BBA /* GIFSearchViewController.swift */; };
		9816A3EA1FCB9E0B00219BBA /* GIFSearchModels.swift in Sources */ = {isa = PBXBuildFile; fileRef = 9816A3E51FCB9E0B00219BBA /* GIFSearchModels.swift */; };
		9816A3EC1FCB9EB500219BBA /* SearchTextField.swift in Sources */ = {isa = PBXBuildFile; fileRef = 9816A3EB1FCB9EB400219BBA /* SearchTextField.swift */; };
		9816A3EE1FCB9ED200219BBA /* Throttler.swift in Sources */ = {isa = PBXBuildFile; fileRef = 9816A3ED1FCB9ED200219BBA /* Throttler.swift */; };
		9816A3F21FCBA52B00219BBA /* GIFGridLayout.swift in Sources */ = {isa = PBXBuildFile; fileRef = 9816A3F01FCBA52B00219BBA /* GIFGridLayout.swift */; };
		9816A3F31FCBA52B00219BBA /* MainMovieListCell.swift in Sources */ = {isa = PBXBuildFile; fileRef = 9816A3F11FCBA52B00219BBA /* MainMovieListCell.swift */; };
		9819BB491FCC69FF00FD5633 /* SelectGIFViewController.swift in Sources */ = {isa = PBXBuildFile; fileRef = 9819BB481FCC69FF00FD5633 /* SelectGIFViewController.swift */; };
		9819BB4D1FCC72D300FD5633 /* SelectGIFRouter.swift in Sources */ = {isa = PBXBuildFile; fileRef = 9819BB4C1FCC72D300FD5633 /* SelectGIFRouter.swift */; };
		9825B22C1FC3C5BF00620398 /* RealmLoginManager.swift in Sources */ = {isa = PBXBuildFile; fileRef = 9825B22B1FC3C5BF00620398 /* RealmLoginManager.swift */; };
		9825B22E1FC3C6AD00620398 /* RealmConfiguration.swift in Sources */ = {isa = PBXBuildFile; fileRef = 9825B22D1FC3C6AD00620398 /* RealmConfiguration.swift */; };
		9825B2321FC3C77300620398 /* User.swift in Sources */ = {isa = PBXBuildFile; fileRef = 9825B2311FC3C77300620398 /* User.swift */; };
		9825B2391FC3C7B700620398 /* LoginViewControllerEngine.swift in Sources */ = {isa = PBXBuildFile; fileRef = 9825B2341FC3C7B600620398 /* LoginViewControllerEngine.swift */; };
		9825B23A1FC3C7B700620398 /* LoginModels.swift in Sources */ = {isa = PBXBuildFile; fileRef = 9825B2351FC3C7B600620398 /* LoginModels.swift */; };
		9825B23B1FC3C7B700620398 /* LoginRouter.swift in Sources */ = {isa = PBXBuildFile; fileRef = 9825B2361FC3C7B600620398 /* LoginRouter.swift */; };
		9825B23C1FC3C7B700620398 /* LoginPresenter.swift in Sources */ = {isa = PBXBuildFile; fileRef = 9825B2371FC3C7B600620398 /* LoginPresenter.swift */; };
		9825B23D1FC3C7B700620398 /* LoginViewController.swift in Sources */ = {isa = PBXBuildFile; fileRef = 9825B2381FC3C7B600620398 /* LoginViewController.swift */; };
		9825B2431FC3C86100620398 /* TabBarView.swift in Sources */ = {isa = PBXBuildFile; fileRef = 9825B23F1FC3C86100620398 /* TabBarView.swift */; };
		9825B2441FC3C86100620398 /* HomeViewController.swift in Sources */ = {isa = PBXBuildFile; fileRef = 9825B2401FC3C86100620398 /* HomeViewController.swift */; };
		9825B2451FC3C86100620398 /* HomeEngine.swift in Sources */ = {isa = PBXBuildFile; fileRef = 9825B2411FC3C86100620398 /* HomeEngine.swift */; };
		9825B2461FC3C86100620398 /* HomeRouter.swift in Sources */ = {isa = PBXBuildFile; fileRef = 9825B2421FC3C86100620398 /* HomeRouter.swift */; };
		9825B2481FC3C94400620398 /* RealmStorageContext.swift in Sources */ = {isa = PBXBuildFile; fileRef = 9825B2471FC3C94400620398 /* RealmStorageContext.swift */; };
		9825B2501FC3C9DD00620398 /* PromptstModels.swift in Sources */ = {isa = PBXBuildFile; fileRef = 9825B24A1FC3C9DC00620398 /* PromptstModels.swift */; };
		9825B2511FC3C9DD00620398 /* PromptsFormatter.swift in Sources */ = {isa = PBXBuildFile; fileRef = 9825B24B1FC3C9DC00620398 /* PromptsFormatter.swift */; };
		9825B2521FC3C9DD00620398 /* PromptsEngine.swift in Sources */ = {isa = PBXBuildFile; fileRef = 9825B24C1FC3C9DC00620398 /* PromptsEngine.swift */; };
		9825B2541FC3C9DD00620398 /* PromptsRouter.swift in Sources */ = {isa = PBXBuildFile; fileRef = 9825B24E1FC3C9DD00620398 /* PromptsRouter.swift */; };
		9825B2551FC3C9DD00620398 /* PromptsListViewController.swift in Sources */ = {isa = PBXBuildFile; fileRef = 9825B24F1FC3C9DD00620398 /* PromptsListViewController.swift */; };
		9825B2571FC3CBCC00620398 /* Prompt.swift in Sources */ = {isa = PBXBuildFile; fileRef = 9825B2561FC3CBCC00620398 /* Prompt.swift */; };
		9825B25A1FC3DA1F00620398 /* FontBook.swift in Sources */ = {isa = PBXBuildFile; fileRef = 9825B2591FC3DA1F00620398 /* FontBook.swift */; };
		9825B2601FC3E15800620398 /* SettingsPresenter.swift in Sources */ = {isa = PBXBuildFile; fileRef = 9825B25C1FC3E15700620398 /* SettingsPresenter.swift */; };
		9825B2611FC3E15800620398 /* SettingsEngine.swift in Sources */ = {isa = PBXBuildFile; fileRef = 9825B25D1FC3E15700620398 /* SettingsEngine.swift */; };
		9825B2621FC3E15800620398 /* SettingsViewController.swift in Sources */ = {isa = PBXBuildFile; fileRef = 9825B25E1FC3E15700620398 /* SettingsViewController.swift */; };
		9825B2631FC3E15800620398 /* SettingsSharedObjects.swift in Sources */ = {isa = PBXBuildFile; fileRef = 9825B25F1FC3E15700620398 /* SettingsSharedObjects.swift */; };
		98671C891FC5D07F00578651 /* PromptDetailViewController.swift in Sources */ = {isa = PBXBuildFile; fileRef = 98671C881FC5D07F00578651 /* PromptDetailViewController.swift */; };
		98671C8B1FC5D0BE00578651 /* PromptDetailEngine.swift in Sources */ = {isa = PBXBuildFile; fileRef = 98671C8A1FC5D0BE00578651 /* PromptDetailEngine.swift */; };
		98671C8D1FC5D21B00578651 /* PromptDetailModels.swift in Sources */ = {isa = PBXBuildFile; fileRef = 98671C8C1FC5D21B00578651 /* PromptDetailModels.swift */; };
		98671C8F1FC5D2C600578651 /* PromptDetailFormatter.swift in Sources */ = {isa = PBXBuildFile; fileRef = 98671C8E1FC5D2C600578651 /* PromptDetailFormatter.swift */; };
		98671C911FC5D5FB00578651 /* PromptDetailRouter.swift in Sources */ = {isa = PBXBuildFile; fileRef = 98671C901FC5D5FB00578651 /* PromptDetailRouter.swift */; };
		98671C941FC5E77700578651 /* CreatePromptReplyEngine.swift in Sources */ = {isa = PBXBuildFile; fileRef = 98671C931FC5E77700578651 /* CreatePromptReplyEngine.swift */; };
		98671C961FC5E8D300578651 /* CreatePromptReplyModels.swift in Sources */ = {isa = PBXBuildFile; fileRef = 98671C951FC5E8D300578651 /* CreatePromptReplyModels.swift */; };
		98671C981FC5ECE900578651 /* CreatePromptReplyViewController.swift in Sources */ = {isa = PBXBuildFile; fileRef = 98671C971FC5ECE900578651 /* CreatePromptReplyViewController.swift */; };
		98671C9A1FC5EE3400578651 /* CreatePromptReplyRouter.swift in Sources */ = {isa = PBXBuildFile; fileRef = 98671C991FC5EE3400578651 /* CreatePromptReplyRouter.swift */; };
		98716A2E1FC4C493008EDACE /* CreatePromptViewController.swift in Sources */ = {isa = PBXBuildFile; fileRef = 98716A2D1FC4C493008EDACE /* CreatePromptViewController.swift */; };
		98716A301FC4C4A4008EDACE /* CreatePromptEngine.swift in Sources */ = {isa = PBXBuildFile; fileRef = 98716A2F1FC4C4A4008EDACE /* CreatePromptEngine.swift */; };
		98716A321FC4C4BA008EDACE /* CreatePromptFormatter.swift in Sources */ = {isa = PBXBuildFile; fileRef = 98716A311FC4C4BA008EDACE /* CreatePromptFormatter.swift */; };
		98716A341FC4C4CC008EDACE /* CreatePromptModels.swift in Sources */ = {isa = PBXBuildFile; fileRef = 98716A331FC4C4CC008EDACE /* CreatePromptModels.swift */; };
		98716A361FC4C55C008EDACE /* CreatePromptRouter.swift in Sources */ = {isa = PBXBuildFile; fileRef = 98716A351FC4C55C008EDACE /* CreatePromptRouter.swift */; };
		98716A381FC4C958008EDACE /* CustomAlertViewController.swift in Sources */ = {isa = PBXBuildFile; fileRef = 98716A371FC4C958008EDACE /* CustomAlertViewController.swift */; };
		98BAFA5A1F50B75B00ED3B9D /* AppDelegate.swift in Sources */ = {isa = PBXBuildFile; fileRef = 98BAFA591F50B75B00ED3B9D /* AppDelegate.swift */; };
		98BAFA611F50B75B00ED3B9D /* Assets.xcassets in Resources */ = {isa = PBXBuildFile; fileRef = 98BAFA601F50B75B00ED3B9D /* Assets.xcassets */; };
		98BAFA641F50B75B00ED3B9D /* LaunchScreen.storyboard in Resources */ = {isa = PBXBuildFile; fileRef = 98BAFA621F50B75B00ED3B9D /* LaunchScreen.storyboard */; };
		98BAFA6C1F50B76A00ED3B9D /* AppController.swift in Sources */ = {isa = PBXBuildFile; fileRef = 98BAFA6B1F50B76A00ED3B9D /* AppController.swift */; };
		98BAFA6E1F50B7DF00ED3B9D /* MasterTabBarViewController.swift in Sources */ = {isa = PBXBuildFile; fileRef = 98BAFA6D1F50B7DF00ED3B9D /* MasterTabBarViewController.swift */; };
		98BAFA701F50B89F00ED3B9D /* OnboardingScrollViewController.swift in Sources */ = {isa = PBXBuildFile; fileRef = 98BAFA6F1F50B89F00ED3B9D /* OnboardingScrollViewController.swift */; };
		98BAFA721F50B9C000ED3B9D /* OnboardingView.swift in Sources */ = {isa = PBXBuildFile; fileRef = 98BAFA711F50B9C000ED3B9D /* OnboardingView.swift */; };
		98BAFA741F50C53B00ED3B9D /* OnboardingScrollViewModel.swift in Sources */ = {isa = PBXBuildFile; fileRef = 98BAFA731F50C53B00ED3B9D /* OnboardingScrollViewModel.swift */; };
		98EA482E1FC9DCE2008EF317 /* PromptReply.swift in Sources */ = {isa = PBXBuildFile; fileRef = 98EA482D1FC9DCE2008EF317 /* PromptReply.swift */; };
		98EA48301FC9E48D008EF317 /* PromptReplyTableCell.swift in Sources */ = {isa = PBXBuildFile; fileRef = 98EA482F1FC9E48D008EF317 /* PromptReplyTableCell.swift */; };
		98EA48331FC9E9D0008EF317 /* ScoreCollectionCell.swift in Sources */ = {isa = PBXBuildFile; fileRef = 98EA48321FC9E9D0008EF317 /* ScoreCollectionCell.swift */; };
		CD54AFE895258676FAA2F05F /* Pods_Colony.framework in Frameworks */ = {isa = PBXBuildFile; fileRef = 13759BAA5618CEE84D731378 /* Pods_Colony.framework */; };
/* End PBXBuildFile section */

/* Begin PBXFileReference section */
		13759BAA5618CEE84D731378 /* Pods_Colony.framework */ = {isa = PBXFileReference; explicitFileType = wrapper.framework; includeInIndex = 0; path = Pods_Colony.framework; sourceTree = BUILT_PRODUCTS_DIR; };
		54E7ADC8513A8A98CA9D0B0D /* Pods-Colony.debug.xcconfig */ = {isa = PBXFileReference; includeInIndex = 1; lastKnownFileType = text.xcconfig; name = "Pods-Colony.debug.xcconfig"; path = "Pods/Target Support Files/Pods-Colony/Pods-Colony.debug.xcconfig"; sourceTree = "<group>"; };
		6D2FDA25E849A289AB851B10 /* Pods-Colony.release.xcconfig */ = {isa = PBXFileReference; includeInIndex = 1; lastKnownFileType = text.xcconfig; name = "Pods-Colony.release.xcconfig"; path = "Pods/Target Support Files/Pods-Colony/Pods-Colony.release.xcconfig"; sourceTree = "<group>"; };
		9816A3D01FCB41E200219BBA /* PromptTableCell.swift */ = {isa = PBXFileReference; lastKnownFileType = sourcecode.swift; path = PromptTableCell.swift; sourceTree = "<group>"; };
		9816A3D31FCB42EC00219BBA /* PromptView.swift */ = {isa = PBXFileReference; lastKnownFileType = sourcecode.swift; path = PromptView.swift; sourceTree = "<group>"; };
		9816A3D61FCB85B000219BBA /* Webservice.swift */ = {isa = PBXFileReference; lastKnownFileType = sourcecode.swift; path = Webservice.swift; sourceTree = "<group>"; };
		9816A3D81FCB861800219BBA /* Resource.swift */ = {isa = PBXFileReference; lastKnownFileType = sourcecode.swift; path = Resource.swift; sourceTree = "<group>"; };
		9816A3DA1FCB867C00219BBA /* GifAPI.swift */ = {isa = PBXFileReference; lastKnownFileType = sourcecode.swift; path = GifAPI.swift; sourceTree = "<group>"; };
		9816A3DC1FCB887600219BBA /* GIF.swift */ = {isa = PBXFileReference; lastKnownFileType = sourcecode.swift; path = GIF.swift; sourceTree = "<group>"; };
		9816A3E11FCB9E0B00219BBA /* GIFSearchEngine.swift */ = {isa = PBXFileReference; fileEncoding = 4; lastKnownFileType = sourcecode.swift; path = GIFSearchEngine.swift; sourceTree = "<group>"; };
		9816A3E31FCB9E0B00219BBA /* GIFSearchPresenter.swift */ = {isa = PBXFileReference; fileEncoding = 4; lastKnownFileType = sourcecode.swift; path = GIFSearchPresenter.swift; sourceTree = "<group>"; };
		9816A3E41FCB9E0B00219BBA /* GIFSearchViewController.swift */ = {isa = PBXFileReference; fileEncoding = 4; lastKnownFileType = sourcecode.swift; path = GIFSearchViewController.swift; sourceTree = "<group>"; };
		9816A3E51FCB9E0B00219BBA /* GIFSearchModels.swift */ = {isa = PBXFileReference; fileEncoding = 4; lastKnownFileType = sourcecode.swift; path = GIFSearchModels.swift; sourceTree = "<group>"; };
		9816A3EB1FCB9EB400219BBA /* SearchTextField.swift */ = {isa = PBXFileReference; fileEncoding = 4; lastKnownFileType = sourcecode.swift; path = SearchTextField.swift; sourceTree = "<group>"; };
		9816A3ED1FCB9ED200219BBA /* Throttler.swift */ = {isa = PBXFileReference; fileEncoding = 4; lastKnownFileType = sourcecode.swift; path = Throttler.swift; sourceTree = "<group>"; };
		9816A3F01FCBA52B00219BBA /* GIFGridLayout.swift */ = {isa = PBXFileReference; fileEncoding = 4; lastKnownFileType = sourcecode.swift; path = GIFGridLayout.swift; sourceTree = "<group>"; };
		9816A3F11FCBA52B00219BBA /* MainMovieListCell.swift */ = {isa = PBXFileReference; fileEncoding = 4; lastKnownFileType = sourcecode.swift; path = MainMovieListCell.swift; sourceTree = "<group>"; };
		9819BB481FCC69FF00FD5633 /* SelectGIFViewController.swift */ = {isa = PBXFileReference; lastKnownFileType = sourcecode.swift; path = SelectGIFViewController.swift; sourceTree = "<group>"; };
		9819BB4C1FCC72D300FD5633 /* SelectGIFRouter.swift */ = {isa = PBXFileReference; lastKnownFileType = sourcecode.swift; path = SelectGIFRouter.swift; sourceTree = "<group>"; };
		9825B22B1FC3C5BF00620398 /* RealmLoginManager.swift */ = {isa = PBXFileReference; fileEncoding = 4; lastKnownFileType = sourcecode.swift; path = RealmLoginManager.swift; sourceTree = "<group>"; };
		9825B22D1FC3C6AD00620398 /* RealmConfiguration.swift */ = {isa = PBXFileReference; fileEncoding = 4; lastKnownFileType = sourcecode.swift; path = RealmConfiguration.swift; sourceTree = "<group>"; };
		9825B2311FC3C77300620398 /* User.swift */ = {isa = PBXFileReference; fileEncoding = 4; lastKnownFileType = sourcecode.swift; path = User.swift; sourceTree = "<group>"; };
		9825B2341FC3C7B600620398 /* LoginViewControllerEngine.swift */ = {isa = PBXFileReference; fileEncoding = 4; lastKnownFileType = sourcecode.swift; path = LoginViewControllerEngine.swift; sourceTree = "<group>"; };
		9825B2351FC3C7B600620398 /* LoginModels.swift */ = {isa = PBXFileReference; fileEncoding = 4; lastKnownFileType = sourcecode.swift; path = LoginModels.swift; sourceTree = "<group>"; };
		9825B2361FC3C7B600620398 /* LoginRouter.swift */ = {isa = PBXFileReference; fileEncoding = 4; lastKnownFileType = sourcecode.swift; path = LoginRouter.swift; sourceTree = "<group>"; };
		9825B2371FC3C7B600620398 /* LoginPresenter.swift */ = {isa = PBXFileReference; fileEncoding = 4; lastKnownFileType = sourcecode.swift; path = LoginPresenter.swift; sourceTree = "<group>"; };
		9825B2381FC3C7B600620398 /* LoginViewController.swift */ = {isa = PBXFileReference; fileEncoding = 4; lastKnownFileType = sourcecode.swift; path = LoginViewController.swift; sourceTree = "<group>"; };
		9825B23F1FC3C86100620398 /* TabBarView.swift */ = {isa = PBXFileReference; fileEncoding = 4; lastKnownFileType = sourcecode.swift; path = TabBarView.swift; sourceTree = "<group>"; };
		9825B2401FC3C86100620398 /* HomeViewController.swift */ = {isa = PBXFileReference; fileEncoding = 4; lastKnownFileType = sourcecode.swift; path = HomeViewController.swift; sourceTree = "<group>"; };
		9825B2411FC3C86100620398 /* HomeEngine.swift */ = {isa = PBXFileReference; fileEncoding = 4; lastKnownFileType = sourcecode.swift; path = HomeEngine.swift; sourceTree = "<group>"; };
		9825B2421FC3C86100620398 /* HomeRouter.swift */ = {isa = PBXFileReference; fileEncoding = 4; lastKnownFileType = sourcecode.swift; path = HomeRouter.swift; sourceTree = "<group>"; };
		9825B2471FC3C94400620398 /* RealmStorageContext.swift */ = {isa = PBXFileReference; fileEncoding = 4; lastKnownFileType = sourcecode.swift; path = RealmStorageContext.swift; sourceTree = "<group>"; };
		9825B24A1FC3C9DC00620398 /* PromptstModels.swift */ = {isa = PBXFileReference; fileEncoding = 4; lastKnownFileType = sourcecode.swift; path = PromptstModels.swift; sourceTree = "<group>"; };
		9825B24B1FC3C9DC00620398 /* PromptsFormatter.swift */ = {isa = PBXFileReference; fileEncoding = 4; lastKnownFileType = sourcecode.swift; path = PromptsFormatter.swift; sourceTree = "<group>"; };
		9825B24C1FC3C9DC00620398 /* PromptsEngine.swift */ = {isa = PBXFileReference; fileEncoding = 4; lastKnownFileType = sourcecode.swift; path = PromptsEngine.swift; sourceTree = "<group>"; };
		9825B24E1FC3C9DD00620398 /* PromptsRouter.swift */ = {isa = PBXFileReference; fileEncoding = 4; lastKnownFileType = sourcecode.swift; path = PromptsRouter.swift; sourceTree = "<group>"; };
		9825B24F1FC3C9DD00620398 /* PromptsListViewController.swift */ = {isa = PBXFileReference; fileEncoding = 4; lastKnownFileType = sourcecode.swift; path = PromptsListViewController.swift; sourceTree = "<group>"; };
		9825B2561FC3CBCC00620398 /* Prompt.swift */ = {isa = PBXFileReference; lastKnownFileType = sourcecode.swift; path = Prompt.swift; sourceTree = "<group>"; };
		9825B2591FC3DA1F00620398 /* FontBook.swift */ = {isa = PBXFileReference; fileEncoding = 4; lastKnownFileType = sourcecode.swift; path = FontBook.swift; sourceTree = "<group>"; };
		9825B25C1FC3E15700620398 /* SettingsPresenter.swift */ = {isa = PBXFileReference; fileEncoding = 4; lastKnownFileType = sourcecode.swift; path = SettingsPresenter.swift; sourceTree = "<group>"; };
		9825B25D1FC3E15700620398 /* SettingsEngine.swift */ = {isa = PBXFileReference; fileEncoding = 4; lastKnownFileType = sourcecode.swift; path = SettingsEngine.swift; sourceTree = "<group>"; };
		9825B25E1FC3E15700620398 /* SettingsViewController.swift */ = {isa = PBXFileReference; fileEncoding = 4; lastKnownFileType = sourcecode.swift; path = SettingsViewController.swift; sourceTree = "<group>"; };
		9825B25F1FC3E15700620398 /* SettingsSharedObjects.swift */ = {isa = PBXFileReference; fileEncoding = 4; lastKnownFileType = sourcecode.swift; path = SettingsSharedObjects.swift; sourceTree = "<group>"; };
		98671C881FC5D07F00578651 /* PromptDetailViewController.swift */ = {isa = PBXFileReference; lastKnownFileType = sourcecode.swift; path = PromptDetailViewController.swift; sourceTree = "<group>"; };
		98671C8A1FC5D0BE00578651 /* PromptDetailEngine.swift */ = {isa = PBXFileReference; lastKnownFileType = sourcecode.swift; path = PromptDetailEngine.swift; sourceTree = "<group>"; };
		98671C8C1FC5D21B00578651 /* PromptDetailModels.swift */ = {isa = PBXFileReference; lastKnownFileType = sourcecode.swift; path = PromptDetailModels.swift; sourceTree = "<group>"; };
		98671C8E1FC5D2C600578651 /* PromptDetailFormatter.swift */ = {isa = PBXFileReference; lastKnownFileType = sourcecode.swift; path = PromptDetailFormatter.swift; sourceTree = "<group>"; };
		98671C901FC5D5FB00578651 /* PromptDetailRouter.swift */ = {isa = PBXFileReference; lastKnownFileType = sourcecode.swift; path = PromptDetailRouter.swift; sourceTree = "<group>"; };
		98671C931FC5E77700578651 /* CreatePromptReplyEngine.swift */ = {isa = PBXFileReference; lastKnownFileType = sourcecode.swift; path = CreatePromptReplyEngine.swift; sourceTree = "<group>"; };
		98671C951FC5E8D300578651 /* CreatePromptReplyModels.swift */ = {isa = PBXFileReference; lastKnownFileType = sourcecode.swift; path = CreatePromptReplyModels.swift; sourceTree = "<group>"; };
		98671C971FC5ECE900578651 /* CreatePromptReplyViewController.swift */ = {isa = PBXFileReference; lastKnownFileType = sourcecode.swift; path = CreatePromptReplyViewController.swift; sourceTree = "<group>"; };
		98671C991FC5EE3400578651 /* CreatePromptReplyRouter.swift */ = {isa = PBXFileReference; lastKnownFileType = sourcecode.swift; path = CreatePromptReplyRouter.swift; sourceTree = "<group>"; };
		98716A2D1FC4C493008EDACE /* CreatePromptViewController.swift */ = {isa = PBXFileReference; lastKnownFileType = sourcecode.swift; path = CreatePromptViewController.swift; sourceTree = "<group>"; };
		98716A2F1FC4C4A4008EDACE /* CreatePromptEngine.swift */ = {isa = PBXFileReference; lastKnownFileType = sourcecode.swift; path = CreatePromptEngine.swift; sourceTree = "<group>"; };
		98716A311FC4C4BA008EDACE /* CreatePromptFormatter.swift */ = {isa = PBXFileReference; lastKnownFileType = sourcecode.swift; path = CreatePromptFormatter.swift; sourceTree = "<group>"; };
		98716A331FC4C4CC008EDACE /* CreatePromptModels.swift */ = {isa = PBXFileReference; lastKnownFileType = sourcecode.swift; path = CreatePromptModels.swift; sourceTree = "<group>"; };
		98716A351FC4C55C008EDACE /* CreatePromptRouter.swift */ = {isa = PBXFileReference; lastKnownFileType = sourcecode.swift; path = CreatePromptRouter.swift; sourceTree = "<group>"; };
		98716A371FC4C958008EDACE /* CustomAlertViewController.swift */ = {isa = PBXFileReference; fileEncoding = 4; lastKnownFileType = sourcecode.swift; path = CustomAlertViewController.swift; sourceTree = "<group>"; };
		98BAFA561F50B75B00ED3B9D /* Colony.app */ = {isa = PBXFileReference; explicitFileType = wrapper.application; includeInIndex = 0; path = Colony.app; sourceTree = BUILT_PRODUCTS_DIR; };
		98BAFA591F50B75B00ED3B9D /* AppDelegate.swift */ = {isa = PBXFileReference; lastKnownFileType = sourcecode.swift; path = AppDelegate.swift; sourceTree = "<group>"; };
		98BAFA601F50B75B00ED3B9D /* Assets.xcassets */ = {isa = PBXFileReference; lastKnownFileType = folder.assetcatalog; path = Assets.xcassets; sourceTree = "<group>"; };
		98BAFA631F50B75B00ED3B9D /* Base */ = {isa = PBXFileReference; lastKnownFileType = file.storyboard; name = Base; path = Base.lproj/LaunchScreen.storyboard; sourceTree = "<group>"; };
		98BAFA651F50B75B00ED3B9D /* Info.plist */ = {isa = PBXFileReference; lastKnownFileType = text.plist.xml; path = Info.plist; sourceTree = "<group>"; };
		98BAFA6B1F50B76A00ED3B9D /* AppController.swift */ = {isa = PBXFileReference; fileEncoding = 4; lastKnownFileType = sourcecode.swift; path = AppController.swift; sourceTree = "<group>"; };
		98BAFA6D1F50B7DF00ED3B9D /* MasterTabBarViewController.swift */ = {isa = PBXFileReference; fileEncoding = 4; lastKnownFileType = sourcecode.swift; path = MasterTabBarViewController.swift; sourceTree = "<group>"; };
		98BAFA6F1F50B89F00ED3B9D /* OnboardingScrollViewController.swift */ = {isa = PBXFileReference; fileEncoding = 4; lastKnownFileType = sourcecode.swift; path = OnboardingScrollViewController.swift; sourceTree = "<group>"; };
		98BAFA711F50B9C000ED3B9D /* OnboardingView.swift */ = {isa = PBXFileReference; fileEncoding = 4; lastKnownFileType = sourcecode.swift; path = OnboardingView.swift; sourceTree = "<group>"; };
		98BAFA731F50C53B00ED3B9D /* OnboardingScrollViewModel.swift */ = {isa = PBXFileReference; fileEncoding = 4; lastKnownFileType = sourcecode.swift; path = OnboardingScrollViewModel.swift; sourceTree = "<group>"; };
		98EA482D1FC9DCE2008EF317 /* PromptReply.swift */ = {isa = PBXFileReference; lastKnownFileType = sourcecode.swift; path = PromptReply.swift; sourceTree = "<group>"; };
		98EA482F1FC9E48D008EF317 /* PromptReplyTableCell.swift */ = {isa = PBXFileReference; lastKnownFileType = sourcecode.swift; path = PromptReplyTableCell.swift; sourceTree = "<group>"; };
		98EA48321FC9E9D0008EF317 /* ScoreCollectionCell.swift */ = {isa = PBXFileReference; lastKnownFileType = sourcecode.swift; path = ScoreCollectionCell.swift; sourceTree = "<group>"; };
/* End PBXFileReference section */

/* Begin PBXFrameworksBuildPhase section */
		98BAFA531F50B75B00ED3B9D /* Frameworks */ = {
			isa = PBXFrameworksBuildPhase;
			buildActionMask = 2147483647;
			files = (
				CD54AFE895258676FAA2F05F /* Pods_Colony.framework in Frameworks */,
			);
			runOnlyForDeploymentPostprocessing = 0;
		};
/* End PBXFrameworksBuildPhase section */

/* Begin PBXGroup section */
		9816A3D21FCB41E800219BBA /* Views */ = {
			isa = PBXGroup;
			children = (
				9816A3D01FCB41E200219BBA /* PromptTableCell.swift */,
				9816A3D31FCB42EC00219BBA /* PromptView.swift */,
			);
			name = Views;
			sourceTree = "<group>";
		};
		9816A3D51FCB858700219BBA /* Webservice */ = {
			isa = PBXGroup;
			children = (
				9816A3D61FCB85B000219BBA /* Webservice.swift */,
				9816A3ED1FCB9ED200219BBA /* Throttler.swift */,
				9816A3D81FCB861800219BBA /* Resource.swift */,
				9816A3DA1FCB867C00219BBA /* GifAPI.swift */,
			);
			name = Webservice;
			sourceTree = "<group>";
		};
		9816A3E01FCB9DE800219BBA /* GIF Search */ = {
			isa = PBXGroup;
			children = (
				9816A3EF1FCBA51F00219BBA /* Views */,
				9816A3E41FCB9E0B00219BBA /* GIFSearchViewController.swift */,
				9816A3E11FCB9E0B00219BBA /* GIFSearchEngine.swift */,
				9816A3E51FCB9E0B00219BBA /* GIFSearchModels.swift */,
				9816A3E31FCB9E0B00219BBA /* GIFSearchPresenter.swift */,
			);
			name = "GIF Search";
			sourceTree = "<group>";
		};
		9816A3EF1FCBA51F00219BBA /* Views */ = {
			isa = PBXGroup;
			children = (
				9816A3F01FCBA52B00219BBA /* GIFGridLayout.swift */,
				9816A3F11FCBA52B00219BBA /* MainMovieListCell.swift */,
				9816A3EB1FCB9EB400219BBA /* SearchTextField.swift */,
			);
			name = Views;
			sourceTree = "<group>";
		};
		9816A3F51FCBA87D00219BBA /* Select GIF */ = {
			isa = PBXGroup;
			children = (
				9819BB481FCC69FF00FD5633 /* SelectGIFViewController.swift */,
				9819BB4C1FCC72D300FD5633 /* SelectGIFRouter.swift */,
			);
			name = "Select GIF";
			sourceTree = "<group>";
		};
		9825B22F1FC3C73F00620398 /* Realm */ = {
			isa = PBXGroup;
			children = (
				9825B22B1FC3C5BF00620398 /* RealmLoginManager.swift */,
				9825B2471FC3C94400620398 /* RealmStorageContext.swift */,
				9825B22D1FC3C6AD00620398 /* RealmConfiguration.swift */,
			);
			name = Realm;
			sourceTree = "<group>";
		};
		9825B2301FC3C74700620398 /* App Controller */ = {
			isa = PBXGroup;
			children = (
				98BAFA6B1F50B76A00ED3B9D /* AppController.swift */,
			);
			name = "App Controller";
			sourceTree = "<group>";
		};
		9825B2331FC3C79700620398 /* Login */ = {
			isa = PBXGroup;
			children = (
				9825B2351FC3C7B600620398 /* LoginModels.swift */,
				9825B2371FC3C7B600620398 /* LoginPresenter.swift */,
				9825B2361FC3C7B600620398 /* LoginRouter.swift */,
				9825B2381FC3C7B600620398 /* LoginViewController.swift */,
				9825B2341FC3C7B600620398 /* LoginViewControllerEngine.swift */,
			);
			name = Login;
			sourceTree = "<group>";
		};
		9825B23E1FC3C84B00620398 /* Home */ = {
			isa = PBXGroup;
			children = (
				9825B2401FC3C86100620398 /* HomeViewController.swift */,
				9825B2411FC3C86100620398 /* HomeEngine.swift */,
				9825B2421FC3C86100620398 /* HomeRouter.swift */,
				9825B23F1FC3C86100620398 /* TabBarView.swift */,
			);
			name = Home;
			sourceTree = "<group>";
		};
		9825B2491FC3C9C100620398 /* Prompts */ = {
			isa = PBXGroup;
			children = (
				9816A3D21FCB41E800219BBA /* Views */,
				9825B24F1FC3C9DD00620398 /* PromptsListViewController.swift */,
				9825B24C1FC3C9DC00620398 /* PromptsEngine.swift */,
				9825B24A1FC3C9DC00620398 /* PromptstModels.swift */,
				9825B24B1FC3C9DC00620398 /* PromptsFormatter.swift */,
				9825B24E1FC3C9DD00620398 /* PromptsRouter.swift */,
			);
			name = Prompts;
			sourceTree = "<group>";
		};
		9825B2581FC3CC9C00620398 /* Models */ = {
			isa = PBXGroup;
			children = (
				9825B2311FC3C77300620398 /* User.swift */,
				9825B2561FC3CBCC00620398 /* Prompt.swift */,
				98EA482D1FC9DCE2008EF317 /* PromptReply.swift */,
				9816A3DC1FCB887600219BBA /* GIF.swift */,
			);
			name = Models;
			sourceTree = "<group>";
		};
		9825B25B1FC3E14200620398 /* Profile */ = {
			isa = PBXGroup;
			children = (
				9825B25D1FC3E15700620398 /* SettingsEngine.swift */,
				9825B25C1FC3E15700620398 /* SettingsPresenter.swift */,
				9825B25F1FC3E15700620398 /* SettingsSharedObjects.swift */,
				9825B25E1FC3E15700620398 /* SettingsViewController.swift */,
			);
			name = Profile;
			sourceTree = "<group>";
		};
		98671C841FC5CB3A00578651 /* Alert Views */ = {
			isa = PBXGroup;
			children = (
				98716A371FC4C958008EDACE /* CustomAlertViewController.swift */,
			);
			name = "Alert Views";
			sourceTree = "<group>";
		};
		98671C851FC5CB5500578651 /* Resources */ = {
			isa = PBXGroup;
			children = (
				9825B2591FC3DA1F00620398 /* FontBook.swift */,
			);
			name = Resources;
			sourceTree = "<group>";
		};
		98671C861FC5CB6900578651 /* Scenes */ = {
			isa = PBXGroup;
			children = (
				9825B23E1FC3C84B00620398 /* Home */,
				9825B25B1FC3E14200620398 /* Profile */,
				98716A2C1FC4C45B008EDACE /* Create Prompt */,
				9816A3F51FCBA87D00219BBA /* Select GIF */,
				9816A3E01FCB9DE800219BBA /* GIF Search */,
				98671C921FC5E71400578651 /* Create Prompt Reply */,
				98671C871FC5D04500578651 /* Prompt Detail */,
				9825B2491FC3C9C100620398 /* Prompts */,
				9825B2331FC3C79700620398 /* Login */,
			);
			name = Scenes;
			sourceTree = "<group>";
		};
		98671C871FC5D04500578651 /* Prompt Detail */ = {
			isa = PBXGroup;
			children = (
				98EA48311FC9E493008EF317 /* Views */,
				98671C881FC5D07F00578651 /* PromptDetailViewController.swift */,
				98671C8A1FC5D0BE00578651 /* PromptDetailEngine.swift */,
				98671C8E1FC5D2C600578651 /* PromptDetailFormatter.swift */,
				98671C901FC5D5FB00578651 /* PromptDetailRouter.swift */,
				98671C8C1FC5D21B00578651 /* PromptDetailModels.swift */,
			);
			name = "Prompt Detail";
			sourceTree = "<group>";
		};
		98671C921FC5E71400578651 /* Create Prompt Reply */ = {
			isa = PBXGroup;
			children = (
				98671C971FC5ECE900578651 /* CreatePromptReplyViewController.swift */,
				98671C931FC5E77700578651 /* CreatePromptReplyEngine.swift */,
				98671C991FC5EE3400578651 /* CreatePromptReplyRouter.swift */,
				98671C951FC5E8D300578651 /* CreatePromptReplyModels.swift */,
			);
			name = "Create Prompt Reply";
			sourceTree = "<group>";
		};
		98716A2C1FC4C45B008EDACE /* Create Prompt */ = {
			isa = PBXGroup;
			children = (
				98716A2D1FC4C493008EDACE /* CreatePromptViewController.swift */,
				98716A2F1FC4C4A4008EDACE /* CreatePromptEngine.swift */,
				98716A311FC4C4BA008EDACE /* CreatePromptFormatter.swift */,
				98716A331FC4C4CC008EDACE /* CreatePromptModels.swift */,
				98716A351FC4C55C008EDACE /* CreatePromptRouter.swift */,
			);
			name = "Create Prompt";
			sourceTree = "<group>";
		};
		98B3FB891F532B4800B3ADC4 /* Onboarding */ = {
			isa = PBXGroup;
			children = (
				98BAFA6F1F50B89F00ED3B9D /* OnboardingScrollViewController.swift */,
				98BAFA731F50C53B00ED3B9D /* OnboardingScrollViewModel.swift */,
				98BAFA711F50B9C000ED3B9D /* OnboardingView.swift */,
			);
			name = Onboarding;
			sourceTree = "<group>";
		};
		98BAFA4D1F50B75B00ED3B9D = {
			isa = PBXGroup;
			children = (
				98BAFA581F50B75B00ED3B9D /* Colony */,
				98BAFA571F50B75B00ED3B9D /* Products */,
				D5E5499213EAAFFDB39E59DD /* Pods */,
				D5D48C4567EE9E0029B41CDD /* Frameworks */,
			);
			sourceTree = "<group>";
		};
		98BAFA571F50B75B00ED3B9D /* Products */ = {
			isa = PBXGroup;
			children = (
				98BAFA561F50B75B00ED3B9D /* Colony.app */,
			);
			name = Products;
			sourceTree = "<group>";
		};
		98BAFA581F50B75B00ED3B9D /* Colony */ = {
			isa = PBXGroup;
			children = (
				98BAFA591F50B75B00ED3B9D /* AppDelegate.swift */,
				9825B2301FC3C74700620398 /* App Controller */,
				9825B2581FC3CC9C00620398 /* Models */,
				9816A3D51FCB858700219BBA /* Webservice */,
				9825B22F1FC3C73F00620398 /* Realm */,
				98671C841FC5CB3A00578651 /* Alert Views */,
				98671C861FC5CB6900578651 /* Scenes */,
				98671C851FC5CB5500578651 /* Resources */,
				98B3FB891F532B4800B3ADC4 /* Onboarding */,
				98BAFA6D1F50B7DF00ED3B9D /* MasterTabBarViewController.swift */,
				98BAFA601F50B75B00ED3B9D /* Assets.xcassets */,
				98BAFA621F50B75B00ED3B9D /* LaunchScreen.storyboard */,
				98BAFA651F50B75B00ED3B9D /* Info.plist */,
			);
			path = Colony;
			sourceTree = "<group>";
		};
		98EA48311FC9E493008EF317 /* Views */ = {
			isa = PBXGroup;
			children = (
				98EA482F1FC9E48D008EF317 /* PromptReplyTableCell.swift */,
				98EA48321FC9E9D0008EF317 /* ScoreCollectionCell.swift */,
			);
			name = Views;
			sourceTree = "<group>";
		};
		D5D48C4567EE9E0029B41CDD /* Frameworks */ = {
			isa = PBXGroup;
			children = (
				13759BAA5618CEE84D731378 /* Pods_Colony.framework */,
			);
			name = Frameworks;
			sourceTree = "<group>";
		};
		D5E5499213EAAFFDB39E59DD /* Pods */ = {
			isa = PBXGroup;
			children = (
				54E7ADC8513A8A98CA9D0B0D /* Pods-Colony.debug.xcconfig */,
				6D2FDA25E849A289AB851B10 /* Pods-Colony.release.xcconfig */,
			);
			name = Pods;
			sourceTree = "<group>";
		};
/* End PBXGroup section */

/* Begin PBXNativeTarget section */
		98BAFA551F50B75B00ED3B9D /* Colony */ = {
			isa = PBXNativeTarget;
			buildConfigurationList = 98BAFA681F50B75B00ED3B9D /* Build configuration list for PBXNativeTarget "Colony" */;
			buildPhases = (
				34BBF06B61093D16A4ABE832 /* [CP] Check Pods Manifest.lock */,
				98BAFA521F50B75B00ED3B9D /* Sources */,
				98BAFA531F50B75B00ED3B9D /* Frameworks */,
				98BAFA541F50B75B00ED3B9D /* Resources */,
				BE765BC34009536958C90EC2 /* [CP] Embed Pods Frameworks */,
				78D68909234CE32074744D2B /* [CP] Copy Pods Resources */,
			);
			buildRules = (
			);
			dependencies = (
			);
			name = Colony;
			productName = Colony;
			productReference = 98BAFA561F50B75B00ED3B9D /* Colony.app */;
			productType = "com.apple.product-type.application";
		};
/* End PBXNativeTarget section */

/* Begin PBXProject section */
		98BAFA4E1F50B75B00ED3B9D /* Project object */ = {
			isa = PBXProject;
			attributes = {
				LastSwiftUpdateCheck = 0830;
				LastUpgradeCheck = 0830;
				ORGANIZATIONNAME = GoKid;
				TargetAttributes = {
					98BAFA551F50B75B00ED3B9D = {
						CreatedOnToolsVersion = 8.3.3;
						DevelopmentTeam = 26Z24PM6F7;
						ProvisioningStyle = Automatic;
					};
				};
			};
			buildConfigurationList = 98BAFA511F50B75B00ED3B9D /* Build configuration list for PBXProject "Colony" */;
			compatibilityVersion = "Xcode 3.2";
			developmentRegion = English;
			hasScannedForEncodings = 0;
			knownRegions = (
				en,
				Base,
			);
			mainGroup = 98BAFA4D1F50B75B00ED3B9D;
			productRefGroup = 98BAFA571F50B75B00ED3B9D /* Products */;
			projectDirPath = "";
			projectRoot = "";
			targets = (
				98BAFA551F50B75B00ED3B9D /* Colony */,
			);
		};
/* End PBXProject section */

/* Begin PBXResourcesBuildPhase section */
		98BAFA541F50B75B00ED3B9D /* Resources */ = {
			isa = PBXResourcesBuildPhase;
			buildActionMask = 2147483647;
			files = (
				98BAFA641F50B75B00ED3B9D /* LaunchScreen.storyboard in Resources */,
				98BAFA611F50B75B00ED3B9D /* Assets.xcassets in Resources */,
			);
			runOnlyForDeploymentPostprocessing = 0;
		};
/* End PBXResourcesBuildPhase section */

/* Begin PBXShellScriptBuildPhase section */
		34BBF06B61093D16A4ABE832 /* [CP] Check Pods Manifest.lock */ = {
			isa = PBXShellScriptBuildPhase;
			buildActionMask = 2147483647;
			files = (
			);
			inputPaths = (
				"${PODS_PODFILE_DIR_PATH}/Podfile.lock",
				"${PODS_ROOT}/Manifest.lock",
			);
			name = "[CP] Check Pods Manifest.lock";
			outputPaths = (
				"$(DERIVED_FILE_DIR)/Pods-Colony-checkManifestLockResult.txt",
			);
			runOnlyForDeploymentPostprocessing = 0;
			shellPath = /bin/sh;
			shellScript = "diff \"${PODS_PODFILE_DIR_PATH}/Podfile.lock\" \"${PODS_ROOT}/Manifest.lock\" > /dev/null\nif [ $? != 0 ] ; then\n    # print error to STDERR\n    echo \"error: The sandbox is not in sync with the Podfile.lock. Run 'pod install' or update your CocoaPods installation.\" >&2\n    exit 1\nfi\n# This output is used by Xcode 'outputs' to avoid re-running this script phase.\necho \"SUCCESS\" > \"${SCRIPT_OUTPUT_FILE_0}\"\n";
			showEnvVarsInLog = 0;
		};
		78D68909234CE32074744D2B /* [CP] Copy Pods Resources */ = {
			isa = PBXShellScriptBuildPhase;
			buildActionMask = 2147483647;
			files = (
			);
			inputPaths = (
			);
			name = "[CP] Copy Pods Resources";
			outputPaths = (
			);
			runOnlyForDeploymentPostprocessing = 0;
			shellPath = /bin/sh;
			shellScript = "\"${SRCROOT}/Pods/Target Support Files/Pods-Colony/Pods-Colony-resources.sh\"\n";
			showEnvVarsInLog = 0;
		};
		BE765BC34009536958C90EC2 /* [CP] Embed Pods Frameworks */ = {
			isa = PBXShellScriptBuildPhase;
			buildActionMask = 2147483647;
			files = (
			);
			inputPaths = (
				"${SRCROOT}/Pods/Target Support Files/Pods-Colony/Pods-Colony-frameworks.sh",
				"${BUILT_PRODUCTS_DIR}/Alamofire/Alamofire.framework",
				"${BUILT_PRODUCTS_DIR}/Kingfisher/Kingfisher.framework",
				"${BUILT_PRODUCTS_DIR}/Moya/Moya.framework",
				"${BUILT_PRODUCTS_DIR}/PromiseKit/PromiseKit.framework",
				"${BUILT_PRODUCTS_DIR}/Realm/Realm.framework",
				"${BUILT_PRODUCTS_DIR}/RealmSwift/RealmSwift.framework",
				"${BUILT_PRODUCTS_DIR}/Result/Result.framework",
				"${BUILT_PRODUCTS_DIR}/SnapKit/SnapKit.framework",
			);
			name = "[CP] Embed Pods Frameworks";
			outputPaths = (
				"${TARGET_BUILD_DIR}/${FRAMEWORKS_FOLDER_PATH}/Alamofire.framework",
				"${TARGET_BUILD_DIR}/${FRAMEWORKS_FOLDER_PATH}/Kingfisher.framework",
				"${TARGET_BUILD_DIR}/${FRAMEWORKS_FOLDER_PATH}/Moya.framework",
				"${TARGET_BUILD_DIR}/${FRAMEWORKS_FOLDER_PATH}/PromiseKit.framework",
				"${TARGET_BUILD_DIR}/${FRAMEWORKS_FOLDER_PATH}/Realm.framework",
				"${TARGET_BUILD_DIR}/${FRAMEWORKS_FOLDER_PATH}/RealmSwift.framework",
				"${TARGET_BUILD_DIR}/${FRAMEWORKS_FOLDER_PATH}/Result.framework",
				"${TARGET_BUILD_DIR}/${FRAMEWORKS_FOLDER_PATH}/SnapKit.framework",
			);
			runOnlyForDeploymentPostprocessing = 0;
			shellPath = /bin/sh;
			shellScript = "\"${SRCROOT}/Pods/Target Support Files/Pods-Colony/Pods-Colony-frameworks.sh\"\n";
			showEnvVarsInLog = 0;
		};
/* End PBXShellScriptBuildPhase section */

/* Begin PBXSourcesBuildPhase section */
		98BAFA521F50B75B00ED3B9D /* Sources */ = {
			isa = PBXSourcesBuildPhase;
			buildActionMask = 2147483647;
			files = (
				98671C911FC5D5FB00578651 /* PromptDetailRouter.swift in Sources */,
				9825B2551FC3C9DD00620398 /* PromptsListViewController.swift in Sources */,
				9825B23D1FC3C7B700620398 /* LoginViewController.swift in Sources */,
				9816A3F31FCBA52B00219BBA /* MainMovieListCell.swift in Sources */,
				98BAFA6E1F50B7DF00ED3B9D /* MasterTabBarViewController.swift in Sources */,
				9816A3EA1FCB9E0B00219BBA /* GIFSearchModels.swift in Sources */,
				9825B22C1FC3C5BF00620398 /* RealmLoginManager.swift in Sources */,
				9825B23B1FC3C7B700620398 /* LoginRouter.swift in Sources */,
				9825B2391FC3C7B700620398 /* LoginViewControllerEngine.swift in Sources */,
				98716A321FC4C4BA008EDACE /* CreatePromptFormatter.swift in Sources */,
				9816A3D41FCB42EC00219BBA /* PromptView.swift in Sources */,
				9825B2501FC3C9DD00620398 /* PromptstModels.swift in Sources */,
				9825B2541FC3C9DD00620398 /* PromptsRouter.swift in Sources */,
				98EA482E1FC9DCE2008EF317 /* PromptReply.swift in Sources */,
				98716A361FC4C55C008EDACE /* CreatePromptRouter.swift in Sources */,
				9816A3D91FCB861800219BBA /* Resource.swift in Sources */,
				98EA48331FC9E9D0008EF317 /* ScoreCollectionCell.swift in Sources */,
				98716A341FC4C4CC008EDACE /* CreatePromptModels.swift in Sources */,
				98BAFA741F50C53B00ED3B9D /* OnboardingScrollViewModel.swift in Sources */,
				98671C981FC5ECE900578651 /* CreatePromptReplyViewController.swift in Sources */,
				9816A3E61FCB9E0B00219BBA /* GIFSearchEngine.swift in Sources */,
				9816A3DB1FCB867C00219BBA /* GifAPI.swift in Sources */,
				9819BB491FCC69FF00FD5633 /* SelectGIFViewController.swift in Sources */,
				9825B25A1FC3DA1F00620398 /* FontBook.swift in Sources */,
				9816A3E81FCB9E0B00219BBA /* GIFSearchPresenter.swift in Sources */,
				9819BB4D1FCC72D300FD5633 /* SelectGIFRouter.swift in Sources */,
				98BAFA5A1F50B75B00ED3B9D /* AppDelegate.swift in Sources */,
				98671C8D1FC5D21B00578651 /* PromptDetailModels.swift in Sources */,
				98671C8F1FC5D2C600578651 /* PromptDetailFormatter.swift in Sources */,
				98671C8B1FC5D0BE00578651 /* PromptDetailEngine.swift in Sources */,
				9816A3DD1FCB887600219BBA /* GIF.swift in Sources */,
				9825B2521FC3C9DD00620398 /* PromptsEngine.swift in Sources */,
				9816A3E91FCB9E0B00219BBA /* GIFSearchViewController.swift in Sources */,
				9816A3D11FCB41E200219BBA /* PromptTableCell.swift in Sources */,
				98EA48301FC9E48D008EF317 /* PromptReplyTableCell.swift in Sources */,
				9825B2461FC3C86100620398 /* HomeRouter.swift in Sources */,
				9825B2571FC3CBCC00620398 /* Prompt.swift in Sources */,
				9816A3EC1FCB9EB500219BBA /* SearchTextField.swift in Sources */,
				9825B2611FC3E15800620398 /* SettingsEngine.swift in Sources */,
				9825B2601FC3E15800620398 /* SettingsPresenter.swift in Sources */,
				9825B2631FC3E15800620398 /* SettingsSharedObjects.swift in Sources */,
				98716A381FC4C958008EDACE /* CustomAlertViewController.swift in Sources */,
				98671C9A1FC5EE3400578651 /* CreatePromptReplyRouter.swift in Sources */,
				9825B2481FC3C94400620398 /* RealmStorageContext.swift in Sources */,
				9825B2511FC3C9DD00620398 /* PromptsFormatter.swift in Sources */,
				9825B22E1FC3C6AD00620398 /* RealmConfiguration.swift in Sources */,
				98671C961FC5E8D300578651 /* CreatePromptReplyModels.swift in Sources */,
				9825B2321FC3C77300620398 /* User.swift in Sources */,
				9825B23C1FC3C7B700620398 /* LoginPresenter.swift in Sources */,
				9816A3F21FCBA52B00219BBA /* GIFGridLayout.swift in Sources */,
				9825B23A1FC3C7B700620398 /* LoginModels.swift in Sources */,
				9825B2441FC3C86100620398 /* HomeViewController.swift in Sources */,
				98671C941FC5E77700578651 /* CreatePromptReplyEngine.swift in Sources */,
				9825B2621FC3E15800620398 /* SettingsViewController.swift in Sources */,
				98BAFA721F50B9C000ED3B9D /* OnboardingView.swift in Sources */,
				98BAFA6C1F50B76A00ED3B9D /* AppController.swift in Sources */,
				98671C891FC5D07F00578651 /* PromptDetailViewController.swift in Sources */,
				9825B2431FC3C86100620398 /* TabBarView.swift in Sources */,
				98716A2E1FC4C493008EDACE /* CreatePromptViewController.swift in Sources */,
				9816A3EE1FCB9ED200219BBA /* Throttler.swift in Sources */,
				9825B2451FC3C86100620398 /* HomeEngine.swift in Sources */,
				98BAFA701F50B89F00ED3B9D /* OnboardingScrollViewController.swift in Sources */,
				98716A301FC4C4A4008EDACE /* CreatePromptEngine.swift in Sources */,
				9816A3D71FCB85B000219BBA /* Webservice.swift in Sources */,
			);
			runOnlyForDeploymentPostprocessing = 0;
		};
/* End PBXSourcesBuildPhase section */

/* Begin PBXVariantGroup section */
		98BAFA621F50B75B00ED3B9D /* LaunchScreen.storyboard */ = {
			isa = PBXVariantGroup;
			children = (
				98BAFA631F50B75B00ED3B9D /* Base */,
			);
			name = LaunchScreen.storyboard;
			sourceTree = "<group>";
		};
/* End PBXVariantGroup section */

/* Begin XCBuildConfiguration section */
		98BAFA661F50B75B00ED3B9D /* Debug */ = {
			isa = XCBuildConfiguration;
			buildSettings = {
				ALWAYS_SEARCH_USER_PATHS = NO;
				CLANG_ANALYZER_NONNULL = YES;
				CLANG_ANALYZER_NUMBER_OBJECT_CONVERSION = YES_AGGRESSIVE;
				CLANG_CXX_LANGUAGE_STANDARD = "gnu++0x";
				CLANG_CXX_LIBRARY = "libc++";
				CLANG_ENABLE_MODULES = YES;
				CLANG_ENABLE_OBJC_ARC = YES;
				CLANG_WARN_BOOL_CONVERSION = YES;
				CLANG_WARN_CONSTANT_CONVERSION = YES;
				CLANG_WARN_DIRECT_OBJC_ISA_USAGE = YES_ERROR;
				CLANG_WARN_DOCUMENTATION_COMMENTS = YES;
				CLANG_WARN_EMPTY_BODY = YES;
				CLANG_WARN_ENUM_CONVERSION = YES;
				CLANG_WARN_INFINITE_RECURSION = YES;
				CLANG_WARN_INT_CONVERSION = YES;
				CLANG_WARN_OBJC_ROOT_CLASS = YES_ERROR;
				CLANG_WARN_SUSPICIOUS_MOVE = YES;
				CLANG_WARN_UNREACHABLE_CODE = YES;
				CLANG_WARN__DUPLICATE_METHOD_MATCH = YES;
				"CODE_SIGN_IDENTITY[sdk=iphoneos*]" = "iPhone Developer";
				COPY_PHASE_STRIP = NO;
				DEBUG_INFORMATION_FORMAT = dwarf;
				ENABLE_STRICT_OBJC_MSGSEND = YES;
				ENABLE_TESTABILITY = YES;
				GCC_C_LANGUAGE_STANDARD = gnu99;
				GCC_DYNAMIC_NO_PIC = NO;
				GCC_NO_COMMON_BLOCKS = YES;
				GCC_OPTIMIZATION_LEVEL = 0;
				GCC_PREPROCESSOR_DEFINITIONS = (
					"DEBUG=1",
					"$(inherited)",
				);
				GCC_WARN_64_TO_32_BIT_CONVERSION = YES;
				GCC_WARN_ABOUT_RETURN_TYPE = YES_ERROR;
				GCC_WARN_UNDECLARED_SELECTOR = YES;
				GCC_WARN_UNINITIALIZED_AUTOS = YES_AGGRESSIVE;
				GCC_WARN_UNUSED_FUNCTION = YES;
				GCC_WARN_UNUSED_VARIABLE = YES;
				IPHONEOS_DEPLOYMENT_TARGET = 10.3;
				MTL_ENABLE_DEBUG_INFO = YES;
				ONLY_ACTIVE_ARCH = YES;
				SDKROOT = iphoneos;
				SWIFT_ACTIVE_COMPILATION_CONDITIONS = DEBUG;
				SWIFT_OPTIMIZATION_LEVEL = "-Onone";
			};
			name = Debug;
		};
		98BAFA671F50B75B00ED3B9D /* Release */ = {
			isa = XCBuildConfiguration;
			buildSettings = {
				ALWAYS_SEARCH_USER_PATHS = NO;
				CLANG_ANALYZER_NONNULL = YES;
				CLANG_ANALYZER_NUMBER_OBJECT_CONVERSION = YES_AGGRESSIVE;
				CLANG_CXX_LANGUAGE_STANDARD = "gnu++0x";
				CLANG_CXX_LIBRARY = "libc++";
				CLANG_ENABLE_MODULES = YES;
				CLANG_ENABLE_OBJC_ARC = YES;
				CLANG_WARN_BOOL_CONVERSION = YES;
				CLANG_WARN_CONSTANT_CONVERSION = YES;
				CLANG_WARN_DIRECT_OBJC_ISA_USAGE = YES_ERROR;
				CLANG_WARN_DOCUMENTATION_COMMENTS = YES;
				CLANG_WARN_EMPTY_BODY = YES;
				CLANG_WARN_ENUM_CONVERSION = YES;
				CLANG_WARN_INFINITE_RECURSION = YES;
				CLANG_WARN_INT_CONVERSION = YES;
				CLANG_WARN_OBJC_ROOT_CLASS = YES_ERROR;
				CLANG_WARN_SUSPICIOUS_MOVE = YES;
				CLANG_WARN_UNREACHABLE_CODE = YES;
				CLANG_WARN__DUPLICATE_METHOD_MATCH = YES;
				"CODE_SIGN_IDENTITY[sdk=iphoneos*]" = "iPhone Developer";
				COPY_PHASE_STRIP = NO;
				DEBUG_INFORMATION_FORMAT = "dwarf-with-dsym";
				ENABLE_NS_ASSERTIONS = NO;
				ENABLE_STRICT_OBJC_MSGSEND = YES;
				GCC_C_LANGUAGE_STANDARD = gnu99;
				GCC_NO_COMMON_BLOCKS = YES;
				GCC_WARN_64_TO_32_BIT_CONVERSION = YES;
				GCC_WARN_ABOUT_RETURN_TYPE = YES_ERROR;
				GCC_WARN_UNDECLARED_SELECTOR = YES;
				GCC_WARN_UNINITIALIZED_AUTOS = YES_AGGRESSIVE;
				GCC_WARN_UNUSED_FUNCTION = YES;
				GCC_WARN_UNUSED_VARIABLE = YES;
				IPHONEOS_DEPLOYMENT_TARGET = 10.3;
				MTL_ENABLE_DEBUG_INFO = NO;
				SDKROOT = iphoneos;
				SWIFT_OPTIMIZATION_LEVEL = "-Owholemodule";
				VALIDATE_PRODUCT = YES;
			};
			name = Release;
		};
		98BAFA691F50B75B00ED3B9D /* Debug */ = {
			isa = XCBuildConfiguration;
			baseConfigurationReference = 54E7ADC8513A8A98CA9D0B0D /* Pods-Colony.debug.xcconfig */;
			buildSettings = {
				ASSETCATALOG_COMPILER_APPICON_NAME = AppIcon;
				DEVELOPMENT_TEAM = 26Z24PM6F7;
				INFOPLIST_FILE = Colony/Info.plist;
				LD_RUNPATH_SEARCH_PATHS = "$(inherited) @executable_path/Frameworks";
				PRODUCT_BUNDLE_IDENTIFIER = mobi.gokid.Colony;
				PRODUCT_NAME = "$(TARGET_NAME)";
				SWIFT_VERSION = 3.0;
			};
			name = Debug;
		};
		98BAFA6A1F50B75B00ED3B9D /* Release */ = {
			isa = XCBuildConfiguration;
			baseConfigurationReference = 6D2FDA25E849A289AB851B10 /* Pods-Colony.release.xcconfig */;
			buildSettings = {
				ASSETCATALOG_COMPILER_APPICON_NAME = AppIcon;
				DEVELOPMENT_TEAM = 26Z24PM6F7;
				INFOPLIST_FILE = Colony/Info.plist;
				LD_RUNPATH_SEARCH_PATHS = "$(inherited) @executable_path/Frameworks";
				PRODUCT_BUNDLE_IDENTIFIER = mobi.gokid.Colony;
				PRODUCT_NAME = "$(TARGET_NAME)";
				SWIFT_VERSION = 3.0;
			};
			name = Release;
		};
/* End XCBuildConfiguration section */

/* Begin XCConfigurationList section */
		98BAFA511F50B75B00ED3B9D /* Build configuration list for PBXProject "Colony" */ = {
			isa = XCConfigurationList;
			buildConfigurations = (
				98BAFA661F50B75B00ED3B9D /* Debug */,
				98BAFA671F50B75B00ED3B9D /* Release */,
			);
			defaultConfigurationIsVisible = 0;
			defaultConfigurationName = Release;
		};
		98BAFA681F50B75B00ED3B9D /* Build configuration list for PBXNativeTarget "Colony" */ = {
			isa = XCConfigurationList;
			buildConfigurations = (
				98BAFA691F50B75B00ED3B9D /* Debug */,
				98BAFA6A1F50B75B00ED3B9D /* Release */,
			);
			defaultConfigurationIsVisible = 0;
			defaultConfigurationName = Release;
		};
/* End XCConfigurationList section */
	};
	rootObject = 98BAFA4E1F50B75B00ED3B9D /* Project object */;
}
